
Microsoft Visual Studio Solution File, Format Version 12.00
# Visual Studio Version 17
VisualStudioVersion = 17.9.34902.65
MinimumVisualStudioVersion = 10.0.40219.1
Project("{FAE04EC0-301F-11D3-BF4B-00C04F79EFBC}") = "EasyAccess", "EasyAccess.csproj", "{FF2122CB-C432-45C4-8D95-D275CD7E1B21}"
EndProject
Global
	GlobalSection(SolutionConfigurationPlatforms) = preSolution
		Debug|Any CPU = Debug|Any CPU
		Release|Any CPU = Release|Any CPU
	EndGlobalSection
	GlobalSection(ProjectConfigurationPlatforms) = postSolution
		{FF2122CB-C432-45C4-8D95-D275CD7E1B21}.Debug|Any CPU.ActiveCfg = Debug|Any CPU
		{FF2122CB-C432-45C4-8D95-D275CD7E1B21}.Debug|Any CPU.Build.0 = Debug|Any CPU
		{FF2122CB-C432-45C4-8D95-D275CD7E1B21}.Release|Any CPU.ActiveCfg = Release|Any CPU
		{FF2122CB-C432-45C4-8D95-D275CD7E1B21}.Release|Any CPU.Build.0 = Release|Any CPU
	EndGlobalSection
	GlobalSection(SolutionProperties) = preSolution
		HideSolutionNode = FALSE
	EndGlobalSection
	GlobalSection(ExtensibilityGlobals) = postSolution
		SolutionGuid = {A1B45B64-F55D-4427-9F0B-B9D6EEC0F60E}
	EndGlobalSection
EndGlobal
